
Microsoft Visual Studio Solution File, Format Version 12.00
# Visual Studio 15
VisualStudioVersion = 15.0.27703.2026
MinimumVisualStudioVersion = 10.0.40219.1
Project("{FAE04EC0-301F-11D3-BF4B-00C04F79EFBC}") = "VS中的常用快捷键", "VS中的常用快捷键\VS中的常用快捷键.csproj", "{8CED65D9-F215-40FE-BE28-6B2F36CF42DD}"
EndProject
Project("{FAE04EC0-301F-11D3-BF4B-00C04F79EFBC}") = "变量的使用规则", "变量的使用规则\变量的使用规则.csproj", "{FF6ED34C-4D67-4E2A-9C42-533653EDD731}"
EndProject
Project("{FAE04EC0-301F-11D3-BF4B-00C04F79EFBC}") = "交换变量", "交换变量\交换变量.csproj", "{50BF0E9A-8245-4F58-9D72-3B382A1649EC}"
EndProject
Project("{FAE04EC0-301F-11D3-BF4B-00C04F79EFBC}") = "+号的使用", "加好的使用\+号的使用.csproj", "{5934AA87-F885-4191-A2CD-DDA8267E9D6A}"
EndProject
Project("{FAE04EC0-301F-11D3-BF4B-00C04F79EFBC}") = "存储年龄", "存储年龄\存储年龄.csproj", "{ED172149-172B-492F-9BBD-1A4B53DC7EAF}"
EndProject
Project("{FAE04EC0-301F-11D3-BF4B-00C04F79EFBC}") = "接收用户的输入", "接收用户的输入\接收用户的输入.csproj", "{B1FD04C8-26EF-40BB-8081-836E431BA5E6}"
EndProject
Project("{FAE04EC0-301F-11D3-BF4B-00C04F79EFBC}") = "转义字符", "转义字符\转义字符.csproj", "{8C8CBD1C-4D50-4965-A49E-AC23409DAE83}"
EndProject
Project("{FAE04EC0-301F-11D3-BF4B-00C04F79EFBC}") = "算术运算符", "算术运算符\算术运算符.csproj", "{7450DFC1-C83C-4262-AB31-837FFDEC258D}"
EndProject
Project("{FAE04EC0-301F-11D3-BF4B-00C04F79EFBC}") = "类型转换", "类型转换\类型转换.csproj", "{96A067FC-B240-4DDC-AC2B-2D2B4C3EED31}"
EndProject
Project("{FAE04EC0-301F-11D3-BF4B-00C04F79EFBC}") = "时间", "时间\时间.csproj", "{7CB2A9DF-8F1B-4660-BDEE-1403D7C0B24A}"
EndProject
Project("{FAE04EC0-301F-11D3-BF4B-00C04F79EFBC}") = "Convert类型转换", "Convert类型转换\Convert类型转换.csproj", "{A5D0E977-1E59-46E1-81A2-5124E68AA62B}"
EndProject
Project("{FAE04EC0-301F-11D3-BF4B-00C04F79EFBC}") = "02Convert类型转换", "02Convert类型转换\02Convert类型转换.csproj", "{A7D88C5B-2704-4D41-9FC1-2A8EB4460A74}"
EndProject
Project("{FAE04EC0-301F-11D3-BF4B-00C04F79EFBC}") = "加加减减", "加加减减\加加减减.csproj", "{E2673358-050D-490C-88F6-CDBF544C9787}"
EndProject
Project("{FAE04EC0-301F-11D3-BF4B-00C04F79EFBC}") = "关系表达式", "关系表达式\关系表达式.csproj", "{BE375488-DF65-4020-9457-D95F38433CFE}"
EndProject
Project("{FAE04EC0-301F-11D3-BF4B-00C04F79EFBC}") = "判断闰年", "判断闰年\判断闰年.csproj", "{92BA65DB-9860-4A06-B00C-C4F6785B90AA}"
EndProject
Project("{FAE04EC0-301F-11D3-BF4B-00C04F79EFBC}") = "小复习", "小复习\小复习.csproj", "{1E06455A-9916-491F-862F-BD6C13BB5D3B}"
EndProject
Project("{FAE04EC0-301F-11D3-BF4B-00C04F79EFBC}") = "if结构", "if结构\if结构.csproj", "{896BD3EA-91C2-4B12-A5E8-8E0A11879EED}"
EndProject
Project("{FAE04EC0-301F-11D3-BF4B-00C04F79EFBC}") = "if练习", "if练习\if练习.csproj", "{6B7787CC-5C33-4B4F-A62C-AD85758260A8}"
EndProject
Project("{FAE04EC0-301F-11D3-BF4B-00C04F79EFBC}") = "if_else练习", "if_else练习\if_else练习.csproj", "{0D43F6EF-AEB3-4B31-AE34-4CCCBCDBEA7A}"
EndProject
Project("{FAE04EC0-301F-11D3-BF4B-00C04F79EFBC}") = "练习", "练习\练习.csproj", "{68CB860C-DB8C-4E1E-A3C8-CC97FB02D1D1}"
EndProject
Project("{FAE04EC0-301F-11D3-BF4B-00C04F79EFBC}") = "异常捕获", "异常捕获\异常捕获.csproj", "{77F4D422-B30D-49C0-98CA-66A0EC1D09BA}"
EndProject
Project("{FAE04EC0-301F-11D3-BF4B-00C04F79EFBC}") = "_switch_case", "_switch_case\_switch_case.csproj", "{9139543D-787C-42F7-A527-0EDC540824C6}"
EndProject
Project("{FAE04EC0-301F-11D3-BF4B-00C04F79EFBC}") = "switch-case_练习", "switch-case_练习\switch-case_练习.csproj", "{47D5AE6C-62DB-4CA7-958C-E01BD19E87DA}"
EndProject
Project("{FAE04EC0-301F-11D3-BF4B-00C04F79EFBC}") = "判断月份天数(和判断闰年的方法一致)", "判断月份天数(和判断闰年的方法一致)\判断月份天数(和判断闰年的方法一致).csproj", "{9C0B57E8-4934-4BE3-A341-978581F3292E}"
EndProject
Project("{FAE04EC0-301F-11D3-BF4B-00C04F79EFBC}") = "循环结构", "循环结构\循环结构.csproj", "{67DEF7F1-950A-45B7-8004-2E27BD5387C8}"
EndProject
Project("{FAE04EC0-301F-11D3-BF4B-00C04F79EFBC}") = "break关键字的用法", "break关键字的用法\break关键字的用法.csproj", "{54A6703D-625A-4779-8306-1192A1D40CBF}"
EndProject
Project("{FAE04EC0-301F-11D3-BF4B-00C04F79EFBC}") = "循环结构_练习", "循环结构_练习\循环结构_练习.csproj", "{AE6EA42B-A3C6-4D5C-A1FF-AC1B7B054D46}"
EndProject
Project("{FAE04EC0-301F-11D3-BF4B-00C04F79EFBC}") = "_do-while循环", "_do-while循环\_do-while循环.csproj", "{9BEC9987-6789-4139-BF90-FB439FE418A9}"
EndProject
Project("{FAE04EC0-301F-11D3-BF4B-00C04F79EFBC}") = "for循环的正序输出和倒序输出", "for循环的正序输出和倒序输出\for循环的正序输出和倒序输出.csproj", "{852F14C5-FBC5-4657-BD62-CB51FB478636}"
EndProject
Project("{FAE04EC0-301F-11D3-BF4B-00C04F79EFBC}") = "_for循环练习", "_for循环练习\_for循环练习.csproj", "{3C1A3295-3012-465A-839E-F7131233F23B}"
EndProject
Project("{FAE04EC0-301F-11D3-BF4B-00C04F79EFBC}") = "乘法口诀表", "乘法口诀表\乘法口诀表.csproj", "{A0658AAC-F617-44C9-8B1C-E06655F573E0}"
EndProject
Project("{FAE04EC0-301F-11D3-BF4B-00C04F79EFBC}") = "_08类型转换", "_08类型转换\_08类型转换.csproj", "{A4B9EB74-4451-4034-908D-8EB27B3B476C}"
EndProject
Project("{FAE04EC0-301F-11D3-BF4B-00C04F79EFBC}") = "08类型转换_练习", "08类型转换_练习\08类型转换_练习.csproj", "{CF46C8E3-4269-4639-8EDE-C66488786A32}"
EndProject
Project("{FAE04EC0-301F-11D3-BF4B-00C04F79EFBC}") = "_10continue", "_10continue\_10continue.csproj", "{FCE8C2F0-4CB0-4B63-AE3B-FC43CC85BF9B}"
EndProject
Project("{FAE04EC0-301F-11D3-BF4B-00C04F79EFBC}") = "三元表达式", "三元表达式\三元表达式.csproj", "{D2A6CAC4-2CDF-4BCA-A88D-EBE41474798E}"
EndProject
Project("{FAE04EC0-301F-11D3-BF4B-00C04F79EFBC}") = "随机数", "随机数\随机数.csproj", "{AE842B1D-7C39-4580-9026-025DB417AF6B}"
EndProject
Project("{FAE04EC0-301F-11D3-BF4B-00C04F79EFBC}") = "_02枚举", "_02枚举\_02枚举.csproj", "{E8564789-EAB9-40C6-8D96-40E7612A00E7}"
EndProject
Project("{FAE04EC0-301F-11D3-BF4B-00C04F79EFBC}") = "_03枚举的练习", "_03枚举的练习\_03枚举的练习.csproj", "{4FC4990D-C236-4C6A-937B-78DC5D95175B}"
EndProject
Project("{FAE04EC0-301F-11D3-BF4B-00C04F79EFBC}") = "_04枚举和int以及string类型之间的转换", "_04枚举和int以及string类型之间的转换\_04枚举和int以及string类型之间的转换.csproj", "{B86FED9F-5D81-451F-8BB7-C6FA994416C3}"
EndProject
Project("{FAE04EC0-301F-11D3-BF4B-00C04F79EFBC}") = "_05结构", "_05结构\_05结构.csproj", "{1BCF2FF1-6E07-4CD4-BA60-6ED294A50B39}"
EndProject
Project("{FAE04EC0-301F-11D3-BF4B-00C04F79EFBC}") = "_06结构练习", "_06结构练习\_06结构练习.csproj", "{ECDD88E3-D7D1-47F2-AA41-8A0B69DB5E0B}"
EndProject
Project("{FAE04EC0-301F-11D3-BF4B-00C04F79EFBC}") = "_07数组", "_07数组\_07数组.csproj", "{3127F425-7C64-4499-864A-9429DB84A32B}"
EndProject
Project("{FAE04EC0-301F-11D3-BF4B-00C04F79EFBC}") = "_08数组的5个练习", "_08数组的5个练习\_08数组的5个练习.csproj", "{F0B0E89D-82C9-482C-924B-0B67C9E79AE8}"
EndProject
Project("{FAE04EC0-301F-11D3-BF4B-00C04F79EFBC}") = "09冒泡排序", "09冒泡排序\09冒泡排序.csproj", "{A9056696-CA4E-441A-908B-6D6197315D42}"
EndProject
Project("{FAE04EC0-301F-11D3-BF4B-00C04F79EFBC}") = "10方法", "10方法\10方法.csproj", "{F3477C03-6270-429E-9C31-9F245D6C7EE6}"
EndProject
Project("{FAE04EC0-301F-11D3-BF4B-00C04F79EFBC}") = "03判断闰年", "03判断闰年\03判断闰年.csproj", "{743FA293-9B73-4B8A-BAE7-F4AC24BED892}"
EndProject
Project("{FAE04EC0-301F-11D3-BF4B-00C04F79EFBC}") = "04方法概念", "04方法概念\04方法概念.csproj", "{DAD40FC5-B445-40CD-A979-0FAC47696A80}"
EndProject
Project("{FAE04EC0-301F-11D3-BF4B-00C04F79EFBC}") = "07高级参数", "07高级参数\07高级参数.csproj", "{8776E19D-BFB6-42B8-B698-68964D0C6BA0}"
EndProject
Project("{FAE04EC0-301F-11D3-BF4B-00C04F79EFBC}") = "08使用out参数做登陆", "08使用out参数做登陆\08使用out参数做登陆.csproj", "{D1871E60-1560-4E01-A892-4EEE9CCA3563}"
EndProject
Project("{FAE04EC0-301F-11D3-BF4B-00C04F79EFBC}") = "09自己动手写Tryparse", "09自己动手写Tryparse\09自己动手写Tryparse.csproj", "{51165C91-744B-4D7B-B965-921D8371CCC0}"
EndProject
Project("{FAE04EC0-301F-11D3-BF4B-00C04F79EFBC}") = "10ref参数", "10ref参数\10ref参数.csproj", "{B45A183E-BF9F-404C-917D-8943EF052315}"
EndProject
Project("{FAE04EC0-301F-11D3-BF4B-00C04F79EFBC}") = "12params可变参数", "12params可变参数\12params可变参数.csproj", "{79919D12-18E1-406B-8DF3-98A1209C4091}"
EndProject
Project("{FAE04EC0-301F-11D3-BF4B-00C04F79EFBC}") = "13方法的重载", "13方法的重载\13方法的重载.csproj", "{47CACCA7-7125-4F4B-9575-94C06C2556CB}"
EndProject
Project("{FAE04EC0-301F-11D3-BF4B-00C04F79EFBC}") = "14方法的递归", "14方法的递归\14方法的递归.csproj", "{DB1F997A-1E6C-40AA-A4B4-ADEEC37FD7FA}"
EndProject
Project("{FAE04EC0-301F-11D3-BF4B-00C04F79EFBC}") = "15方法练习", "15方法练习\15方法练习.csproj", "{60E52F2C-10DA-4D67-9F5D-41E43E8FA9DF}"
EndProject
Project("{FAE04EC0-301F-11D3-BF4B-00C04F79EFBC}") = "01方法的练习", "01方法的练习\01方法的练习.csproj", "{5D6B10F3-7817-41E2-BF51-8A5BF0DF3C61}"
EndProject
Project("{FAE04EC0-301F-11D3-BF4B-00C04F79EFBC}") = "02方法的练习", "02方法的练习\02方法的练习.csproj", "{797A691D-E487-4611-BA8C-429E66ADFFC7}"
EndProject
Project("{FAE04EC0-301F-11D3-BF4B-00C04F79EFBC}") = "03方法的练习", "03方法的练习\03方法的练习.csproj", "{0C57DB3C-741A-4082-89C6-3F0FAA8804D2}"
EndProject
Project("{FAE04EC0-301F-11D3-BF4B-00C04F79EFBC}") = "04飞行棋游戏", "04飞行棋游戏\04飞行棋游戏.csproj", "{8F5E4C36-A954-4593-9EF4-D676A1DF97B2}"
EndProject
Project("{FAE04EC0-301F-11D3-BF4B-00C04F79EFBC}") = "_其实我很开心呐", "_其实我很开心呐\_其实我很开心呐.csproj", "{CBFC37C7-9DAE-4D40-BBEB-28B8EC4CB9C8}"
EndProject
Project("{FAE04EC0-301F-11D3-BF4B-00C04F79EFBC}") = "_倒序输出空格", "_倒序输出空格\_倒序输出空格.csproj", "{91ABD444-F857-4FDB-8381-64AB012DFB5D}"
EndProject
Global
	GlobalSection(SolutionConfigurationPlatforms) = preSolution
		Debug|Any CPU = Debug|Any CPU
		Debug|x86 = Debug|x86
		Release|Any CPU = Release|Any CPU
		Release|x86 = Release|x86
	EndGlobalSection
	GlobalSection(ProjectConfigurationPlatforms) = postSolution
		{8CED65D9-F215-40FE-BE28-6B2F36CF42DD}.Debug|Any CPU.ActiveCfg = Debug|x86
		{8CED65D9-F215-40FE-BE28-6B2F36CF42DD}.Debug|x86.ActiveCfg = Debug|x86
		{8CED65D9-F215-40FE-BE28-6B2F36CF42DD}.Debug|x86.Build.0 = Debug|x86
		{8CED65D9-F215-40FE-BE28-6B2F36CF42DD}.Release|Any CPU.ActiveCfg = Release|x86
		{8CED65D9-F215-40FE-BE28-6B2F36CF42DD}.Release|x86.ActiveCfg = Release|x86
		{8CED65D9-F215-40FE-BE28-6B2F36CF42DD}.Release|x86.Build.0 = Release|x86
		{FF6ED34C-4D67-4E2A-9C42-533653EDD731}.Debug|Any CPU.ActiveCfg = Debug|x86
		{FF6ED34C-4D67-4E2A-9C42-533653EDD731}.Debug|x86.ActiveCfg = Debug|x86
		{FF6ED34C-4D67-4E2A-9C42-533653EDD731}.Debug|x86.Build.0 = Debug|x86
		{FF6ED34C-4D67-4E2A-9C42-533653EDD731}.Release|Any CPU.ActiveCfg = Release|x86
		{FF6ED34C-4D67-4E2A-9C42-533653EDD731}.Release|x86.ActiveCfg = Release|x86
		{FF6ED34C-4D67-4E2A-9C42-533653EDD731}.Release|x86.Build.0 = Release|x86
		{50BF0E9A-8245-4F58-9D72-3B382A1649EC}.Debug|Any CPU.ActiveCfg = Debug|Any CPU
		{50BF0E9A-8245-4F58-9D72-3B382A1649EC}.Debug|Any CPU.Build.0 = Debug|Any CPU
		{50BF0E9A-8245-4F58-9D72-3B382A1649EC}.Debug|x86.ActiveCfg = Debug|Any CPU
		{50BF0E9A-8245-4F58-9D72-3B382A1649EC}.Debug|x86.Build.0 = Debug|Any CPU
		{50BF0E9A-8245-4F58-9D72-3B382A1649EC}.Release|Any CPU.ActiveCfg = Release|Any CPU
		{50BF0E9A-8245-4F58-9D72-3B382A1649EC}.Release|Any CPU.Build.0 = Release|Any CPU
		{50BF0E9A-8245-4F58-9D72-3B382A1649EC}.Release|x86.ActiveCfg = Release|Any CPU
		{50BF0E9A-8245-4F58-9D72-3B382A1649EC}.Release|x86.Build.0 = Release|Any CPU
		{5934AA87-F885-4191-A2CD-DDA8267E9D6A}.Debug|Any CPU.ActiveCfg = Debug|Any CPU
		{5934AA87-F885-4191-A2CD-DDA8267E9D6A}.Debug|Any CPU.Build.0 = Debug|Any CPU
		{5934AA87-F885-4191-A2CD-DDA8267E9D6A}.Debug|x86.ActiveCfg = Debug|Any CPU
		{5934AA87-F885-4191-A2CD-DDA8267E9D6A}.Debug|x86.Build.0 = Debug|Any CPU
		{5934AA87-F885-4191-A2CD-DDA8267E9D6A}.Release|Any CPU.ActiveCfg = Release|Any CPU
		{5934AA87-F885-4191-A2CD-DDA8267E9D6A}.Release|Any CPU.Build.0 = Release|Any CPU
		{5934AA87-F885-4191-A2CD-DDA8267E9D6A}.Release|x86.ActiveCfg = Release|Any CPU
		{5934AA87-F885-4191-A2CD-DDA8267E9D6A}.Release|x86.Build.0 = Release|Any CPU
		{ED172149-172B-492F-9BBD-1A4B53DC7EAF}.Debug|Any CPU.ActiveCfg = Debug|Any CPU
		{ED172149-172B-492F-9BBD-1A4B53DC7EAF}.Debug|Any CPU.Build.0 = Debug|Any CPU
		{ED172149-172B-492F-9BBD-1A4B53DC7EAF}.Debug|x86.ActiveCfg = Debug|Any CPU
		{ED172149-172B-492F-9BBD-1A4B53DC7EAF}.Debug|x86.Build.0 = Debug|Any CPU
		{ED172149-172B-492F-9BBD-1A4B53DC7EAF}.Release|Any CPU.ActiveCfg = Release|Any CPU
		{ED172149-172B-492F-9BBD-1A4B53DC7EAF}.Release|Any CPU.Build.0 = Release|Any CPU
		{ED172149-172B-492F-9BBD-1A4B53DC7EAF}.Release|x86.ActiveCfg = Release|Any CPU
		{ED172149-172B-492F-9BBD-1A4B53DC7EAF}.Release|x86.Build.0 = Release|Any CPU
		{B1FD04C8-26EF-40BB-8081-836E431BA5E6}.Debug|Any CPU.ActiveCfg = Debug|Any CPU
		{B1FD04C8-26EF-40BB-8081-836E431BA5E6}.Debug|Any CPU.Build.0 = Debug|Any CPU
		{B1FD04C8-26EF-40BB-8081-836E431BA5E6}.Debug|x86.ActiveCfg = Debug|Any CPU
		{B1FD04C8-26EF-40BB-8081-836E431BA5E6}.Debug|x86.Build.0 = Debug|Any CPU
		{B1FD04C8-26EF-40BB-8081-836E431BA5E6}.Release|Any CPU.ActiveCfg = Release|Any CPU
		{B1FD04C8-26EF-40BB-8081-836E431BA5E6}.Release|Any CPU.Build.0 = Release|Any CPU
		{B1FD04C8-26EF-40BB-8081-836E431BA5E6}.Release|x86.ActiveCfg = Release|Any CPU
		{B1FD04C8-26EF-40BB-8081-836E431BA5E6}.Release|x86.Build.0 = Release|Any CPU
		{8C8CBD1C-4D50-4965-A49E-AC23409DAE83}.Debug|Any CPU.ActiveCfg = Debug|Any CPU
		{8C8CBD1C-4D50-4965-A49E-AC23409DAE83}.Debug|Any CPU.Build.0 = Debug|Any CPU
		{8C8CBD1C-4D50-4965-A49E-AC23409DAE83}.Debug|x86.ActiveCfg = Debug|Any CPU
		{8C8CBD1C-4D50-4965-A49E-AC23409DAE83}.Debug|x86.Build.0 = Debug|Any CPU
		{8C8CBD1C-4D50-4965-A49E-AC23409DAE83}.Release|Any CPU.ActiveCfg = Release|Any CPU
		{8C8CBD1C-4D50-4965-A49E-AC23409DAE83}.Release|Any CPU.Build.0 = Release|Any CPU
		{8C8CBD1C-4D50-4965-A49E-AC23409DAE83}.Release|x86.ActiveCfg = Release|Any CPU
		{8C8CBD1C-4D50-4965-A49E-AC23409DAE83}.Release|x86.Build.0 = Release|Any CPU
		{7450DFC1-C83C-4262-AB31-837FFDEC258D}.Debug|Any CPU.ActiveCfg = Debug|Any CPU
		{7450DFC1-C83C-4262-AB31-837FFDEC258D}.Debug|Any CPU.Build.0 = Debug|Any CPU
		{7450DFC1-C83C-4262-AB31-837FFDEC258D}.Debug|x86.ActiveCfg = Debug|Any CPU
		{7450DFC1-C83C-4262-AB31-837FFDEC258D}.Debug|x86.Build.0 = Debug|Any CPU
		{7450DFC1-C83C-4262-AB31-837FFDEC258D}.Release|Any CPU.ActiveCfg = Release|Any CPU
		{7450DFC1-C83C-4262-AB31-837FFDEC258D}.Release|Any CPU.Build.0 = Release|Any CPU
		{7450DFC1-C83C-4262-AB31-837FFDEC258D}.Release|x86.ActiveCfg = Release|Any CPU
		{7450DFC1-C83C-4262-AB31-837FFDEC258D}.Release|x86.Build.0 = Release|Any CPU
		{96A067FC-B240-4DDC-AC2B-2D2B4C3EED31}.Debug|Any CPU.ActiveCfg = Debug|Any CPU
		{96A067FC-B240-4DDC-AC2B-2D2B4C3EED31}.Debug|Any CPU.Build.0 = Debug|Any CPU
		{96A067FC-B240-4DDC-AC2B-2D2B4C3EED31}.Debug|x86.ActiveCfg = Debug|Any CPU
		{96A067FC-B240-4DDC-AC2B-2D2B4C3EED31}.Debug|x86.Build.0 = Debug|Any CPU
		{96A067FC-B240-4DDC-AC2B-2D2B4C3EED31}.Release|Any CPU.ActiveCfg = Release|Any CPU
		{96A067FC-B240-4DDC-AC2B-2D2B4C3EED31}.Release|Any CPU.Build.0 = Release|Any CPU
		{96A067FC-B240-4DDC-AC2B-2D2B4C3EED31}.Release|x86.ActiveCfg = Release|Any CPU
		{96A067FC-B240-4DDC-AC2B-2D2B4C3EED31}.Release|x86.Build.0 = Release|Any CPU
		{7CB2A9DF-8F1B-4660-BDEE-1403D7C0B24A}.Debug|Any CPU.ActiveCfg = Debug|Any CPU
		{7CB2A9DF-8F1B-4660-BDEE-1403D7C0B24A}.Debug|Any CPU.Build.0 = Debug|Any CPU
		{7CB2A9DF-8F1B-4660-BDEE-1403D7C0B24A}.Debug|x86.ActiveCfg = Debug|Any CPU
		{7CB2A9DF-8F1B-4660-BDEE-1403D7C0B24A}.Debug|x86.Build.0 = Debug|Any CPU
		{7CB2A9DF-8F1B-4660-BDEE-1403D7C0B24A}.Release|Any CPU.ActiveCfg = Release|Any CPU
		{7CB2A9DF-8F1B-4660-BDEE-1403D7C0B24A}.Release|Any CPU.Build.0 = Release|Any CPU
		{7CB2A9DF-8F1B-4660-BDEE-1403D7C0B24A}.Release|x86.ActiveCfg = Release|Any CPU
		{7CB2A9DF-8F1B-4660-BDEE-1403D7C0B24A}.Release|x86.Build.0 = Release|Any CPU
		{A5D0E977-1E59-46E1-81A2-5124E68AA62B}.Debug|Any CPU.ActiveCfg = Debug|Any CPU
		{A5D0E977-1E59-46E1-81A2-5124E68AA62B}.Debug|Any CPU.Build.0 = Debug|Any CPU
		{A5D0E977-1E59-46E1-81A2-5124E68AA62B}.Debug|x86.ActiveCfg = Debug|Any CPU
		{A5D0E977-1E59-46E1-81A2-5124E68AA62B}.Debug|x86.Build.0 = Debug|Any CPU
		{A5D0E977-1E59-46E1-81A2-5124E68AA62B}.Release|Any CPU.ActiveCfg = Release|Any CPU
		{A5D0E977-1E59-46E1-81A2-5124E68AA62B}.Release|Any CPU.Build.0 = Release|Any CPU
		{A5D0E977-1E59-46E1-81A2-5124E68AA62B}.Release|x86.ActiveCfg = Release|Any CPU
		{A5D0E977-1E59-46E1-81A2-5124E68AA62B}.Release|x86.Build.0 = Release|Any CPU
		{A7D88C5B-2704-4D41-9FC1-2A8EB4460A74}.Debug|Any CPU.ActiveCfg = Debug|Any CPU
		{A7D88C5B-2704-4D41-9FC1-2A8EB4460A74}.Debug|Any CPU.Build.0 = Debug|Any CPU
		{A7D88C5B-2704-4D41-9FC1-2A8EB4460A74}.Debug|x86.ActiveCfg = Debug|Any CPU
		{A7D88C5B-2704-4D41-9FC1-2A8EB4460A74}.Debug|x86.Build.0 = Debug|Any CPU
		{A7D88C5B-2704-4D41-9FC1-2A8EB4460A74}.Release|Any CPU.ActiveCfg = Release|Any CPU
		{A7D88C5B-2704-4D41-9FC1-2A8EB4460A74}.Release|Any CPU.Build.0 = Release|Any CPU
		{A7D88C5B-2704-4D41-9FC1-2A8EB4460A74}.Release|x86.ActiveCfg = Release|Any CPU
		{A7D88C5B-2704-4D41-9FC1-2A8EB4460A74}.Release|x86.Build.0 = Release|Any CPU
		{E2673358-050D-490C-88F6-CDBF544C9787}.Debug|Any CPU.ActiveCfg = Debug|Any CPU
		{E2673358-050D-490C-88F6-CDBF544C9787}.Debug|Any CPU.Build.0 = Debug|Any CPU
		{E2673358-050D-490C-88F6-CDBF544C9787}.Debug|x86.ActiveCfg = Debug|Any CPU
		{E2673358-050D-490C-88F6-CDBF544C9787}.Debug|x86.Build.0 = Debug|Any CPU
		{E2673358-050D-490C-88F6-CDBF544C9787}.Release|Any CPU.ActiveCfg = Release|Any CPU
		{E2673358-050D-490C-88F6-CDBF544C9787}.Release|Any CPU.Build.0 = Release|Any CPU
		{E2673358-050D-490C-88F6-CDBF544C9787}.Release|x86.ActiveCfg = Release|Any CPU
		{E2673358-050D-490C-88F6-CDBF544C9787}.Release|x86.Build.0 = Release|Any CPU
		{BE375488-DF65-4020-9457-D95F38433CFE}.Debug|Any CPU.ActiveCfg = Debug|Any CPU
		{BE375488-DF65-4020-9457-D95F38433CFE}.Debug|Any CPU.Build.0 = Debug|Any CPU
		{BE375488-DF65-4020-9457-D95F38433CFE}.Debug|x86.ActiveCfg = Debug|Any CPU
		{BE375488-DF65-4020-9457-D95F38433CFE}.Debug|x86.Build.0 = Debug|Any CPU
		{BE375488-DF65-4020-9457-D95F38433CFE}.Release|Any CPU.ActiveCfg = Release|Any CPU
		{BE375488-DF65-4020-9457-D95F38433CFE}.Release|Any CPU.Build.0 = Release|Any CPU
		{BE375488-DF65-4020-9457-D95F38433CFE}.Release|x86.ActiveCfg = Release|Any CPU
		{BE375488-DF65-4020-9457-D95F38433CFE}.Release|x86.Build.0 = Release|Any CPU
		{92BA65DB-9860-4A06-B00C-C4F6785B90AA}.Debug|Any CPU.ActiveCfg = Debug|Any CPU
		{92BA65DB-9860-4A06-B00C-C4F6785B90AA}.Debug|Any CPU.Build.0 = Debug|Any CPU
		{92BA65DB-9860-4A06-B00C-C4F6785B90AA}.Debug|x86.ActiveCfg = Debug|Any CPU
		{92BA65DB-9860-4A06-B00C-C4F6785B90AA}.Debug|x86.Build.0 = Debug|Any CPU
		{92BA65DB-9860-4A06-B00C-C4F6785B90AA}.Release|Any CPU.ActiveCfg = Release|Any CPU
		{92BA65DB-9860-4A06-B00C-C4F6785B90AA}.Release|Any CPU.Build.0 = Release|Any CPU
		{92BA65DB-9860-4A06-B00C-C4F6785B90AA}.Release|x86.ActiveCfg = Release|Any CPU
		{92BA65DB-9860-4A06-B00C-C4F6785B90AA}.Release|x86.Build.0 = Release|Any CPU
		{1E06455A-9916-491F-862F-BD6C13BB5D3B}.Debug|Any CPU.ActiveCfg = Debug|Any CPU
		{1E06455A-9916-491F-862F-BD6C13BB5D3B}.Debug|Any CPU.Build.0 = Debug|Any CPU
		{1E06455A-9916-491F-862F-BD6C13BB5D3B}.Debug|x86.ActiveCfg = Debug|Any CPU
		{1E06455A-9916-491F-862F-BD6C13BB5D3B}.Debug|x86.Build.0 = Debug|Any CPU
		{1E06455A-9916-491F-862F-BD6C13BB5D3B}.Release|Any CPU.ActiveCfg = Release|Any CPU
		{1E06455A-9916-491F-862F-BD6C13BB5D3B}.Release|Any CPU.Build.0 = Release|Any CPU
		{1E06455A-9916-491F-862F-BD6C13BB5D3B}.Release|x86.ActiveCfg = Release|Any CPU
		{1E06455A-9916-491F-862F-BD6C13BB5D3B}.Release|x86.Build.0 = Release|Any CPU
		{896BD3EA-91C2-4B12-A5E8-8E0A11879EED}.Debug|Any CPU.ActiveCfg = Debug|Any CPU
		{896BD3EA-91C2-4B12-A5E8-8E0A11879EED}.Debug|Any CPU.Build.0 = Debug|Any CPU
		{896BD3EA-91C2-4B12-A5E8-8E0A11879EED}.Debug|x86.ActiveCfg = Debug|Any CPU
		{896BD3EA-91C2-4B12-A5E8-8E0A11879EED}.Debug|x86.Build.0 = Debug|Any CPU
		{896BD3EA-91C2-4B12-A5E8-8E0A11879EED}.Release|Any CPU.ActiveCfg = Release|Any CPU
		{896BD3EA-91C2-4B12-A5E8-8E0A11879EED}.Release|Any CPU.Build.0 = Release|Any CPU
		{896BD3EA-91C2-4B12-A5E8-8E0A11879EED}.Release|x86.ActiveCfg = Release|Any CPU
		{896BD3EA-91C2-4B12-A5E8-8E0A11879EED}.Release|x86.Build.0 = Release|Any CPU
		{6B7787CC-5C33-4B4F-A62C-AD85758260A8}.Debug|Any CPU.ActiveCfg = Debug|Any CPU
		{6B7787CC-5C33-4B4F-A62C-AD85758260A8}.Debug|Any CPU.Build.0 = Debug|Any CPU
		{6B7787CC-5C33-4B4F-A62C-AD85758260A8}.Debug|x86.ActiveCfg = Debug|Any CPU
		{6B7787CC-5C33-4B4F-A62C-AD85758260A8}.Debug|x86.Build.0 = Debug|Any CPU
		{6B7787CC-5C33-4B4F-A62C-AD85758260A8}.Release|Any CPU.ActiveCfg = Release|Any CPU
		{6B7787CC-5C33-4B4F-A62C-AD85758260A8}.Release|Any CPU.Build.0 = Release|Any CPU
		{6B7787CC-5C33-4B4F-A62C-AD85758260A8}.Release|x86.ActiveCfg = Release|Any CPU
		{6B7787CC-5C33-4B4F-A62C-AD85758260A8}.Release|x86.Build.0 = Release|Any CPU
		{0D43F6EF-AEB3-4B31-AE34-4CCCBCDBEA7A}.Debug|Any CPU.ActiveCfg = Debug|Any CPU
		{0D43F6EF-AEB3-4B31-AE34-4CCCBCDBEA7A}.Debug|Any CPU.Build.0 = Debug|Any CPU
		{0D43F6EF-AEB3-4B31-AE34-4CCCBCDBEA7A}.Debug|x86.ActiveCfg = Debug|Any CPU
		{0D43F6EF-AEB3-4B31-AE34-4CCCBCDBEA7A}.Debug|x86.Build.0 = Debug|Any CPU
		{0D43F6EF-AEB3-4B31-AE34-4CCCBCDBEA7A}.Release|Any CPU.ActiveCfg = Release|Any CPU
		{0D43F6EF-AEB3-4B31-AE34-4CCCBCDBEA7A}.Release|Any CPU.Build.0 = Release|Any CPU
		{0D43F6EF-AEB3-4B31-AE34-4CCCBCDBEA7A}.Release|x86.ActiveCfg = Release|Any CPU
		{0D43F6EF-AEB3-4B31-AE34-4CCCBCDBEA7A}.Release|x86.Build.0 = Release|Any CPU
		{68CB860C-DB8C-4E1E-A3C8-CC97FB02D1D1}.Debug|Any CPU.ActiveCfg = Debug|Any CPU
		{68CB860C-DB8C-4E1E-A3C8-CC97FB02D1D1}.Debug|Any CPU.Build.0 = Debug|Any CPU
		{68CB860C-DB8C-4E1E-A3C8-CC97FB02D1D1}.Debug|x86.ActiveCfg = Debug|Any CPU
		{68CB860C-DB8C-4E1E-A3C8-CC97FB02D1D1}.Debug|x86.Build.0 = Debug|Any CPU
		{68CB860C-DB8C-4E1E-A3C8-CC97FB02D1D1}.Release|Any CPU.ActiveCfg = Release|Any CPU
		{68CB860C-DB8C-4E1E-A3C8-CC97FB02D1D1}.Release|Any CPU.Build.0 = Release|Any CPU
		{68CB860C-DB8C-4E1E-A3C8-CC97FB02D1D1}.Release|x86.ActiveCfg = Release|Any CPU
		{68CB860C-DB8C-4E1E-A3C8-CC97FB02D1D1}.Release|x86.Build.0 = Release|Any CPU
		{77F4D422-B30D-49C0-98CA-66A0EC1D09BA}.Debug|Any CPU.ActiveCfg = Debug|Any CPU
		{77F4D422-B30D-49C0-98CA-66A0EC1D09BA}.Debug|Any CPU.Build.0 = Debug|Any CPU
		{77F4D422-B30D-49C0-98CA-66A0EC1D09BA}.Debug|x86.ActiveCfg = Debug|Any CPU
		{77F4D422-B30D-49C0-98CA-66A0EC1D09BA}.Debug|x86.Build.0 = Debug|Any CPU
		{77F4D422-B30D-49C0-98CA-66A0EC1D09BA}.Release|Any CPU.ActiveCfg = Release|Any CPU
		{77F4D422-B30D-49C0-98CA-66A0EC1D09BA}.Release|Any CPU.Build.0 = Release|Any CPU
		{77F4D422-B30D-49C0-98CA-66A0EC1D09BA}.Release|x86.ActiveCfg = Release|Any CPU
		{77F4D422-B30D-49C0-98CA-66A0EC1D09BA}.Release|x86.Build.0 = Release|Any CPU
		{9139543D-787C-42F7-A527-0EDC540824C6}.Debug|Any CPU.ActiveCfg = Debug|Any CPU
		{9139543D-787C-42F7-A527-0EDC540824C6}.Debug|Any CPU.Build.0 = Debug|Any CPU
		{9139543D-787C-42F7-A527-0EDC540824C6}.Debug|x86.ActiveCfg = Debug|Any CPU
		{9139543D-787C-42F7-A527-0EDC540824C6}.Debug|x86.Build.0 = Debug|Any CPU
		{9139543D-787C-42F7-A527-0EDC540824C6}.Release|Any CPU.ActiveCfg = Release|Any CPU
		{9139543D-787C-42F7-A527-0EDC540824C6}.Release|Any CPU.Build.0 = Release|Any CPU
		{9139543D-787C-42F7-A527-0EDC540824C6}.Release|x86.ActiveCfg = Release|Any CPU
		{9139543D-787C-42F7-A527-0EDC540824C6}.Release|x86.Build.0 = Release|Any CPU
		{47D5AE6C-62DB-4CA7-958C-E01BD19E87DA}.Debug|Any CPU.ActiveCfg = Debug|Any CPU
		{47D5AE6C-62DB-4CA7-958C-E01BD19E87DA}.Debug|Any CPU.Build.0 = Debug|Any CPU
		{47D5AE6C-62DB-4CA7-958C-E01BD19E87DA}.Debug|x86.ActiveCfg = Debug|Any CPU
		{47D5AE6C-62DB-4CA7-958C-E01BD19E87DA}.Debug|x86.Build.0 = Debug|Any CPU
		{47D5AE6C-62DB-4CA7-958C-E01BD19E87DA}.Release|Any CPU.ActiveCfg = Release|Any CPU
		{47D5AE6C-62DB-4CA7-958C-E01BD19E87DA}.Release|Any CPU.Build.0 = Release|Any CPU
		{47D5AE6C-62DB-4CA7-958C-E01BD19E87DA}.Release|x86.ActiveCfg = Release|Any CPU
		{47D5AE6C-62DB-4CA7-958C-E01BD19E87DA}.Release|x86.Build.0 = Release|Any CPU
		{9C0B57E8-4934-4BE3-A341-978581F3292E}.Debug|Any CPU.ActiveCfg = Debug|Any CPU
		{9C0B57E8-4934-4BE3-A341-978581F3292E}.Debug|Any CPU.Build.0 = Debug|Any CPU
		{9C0B57E8-4934-4BE3-A341-978581F3292E}.Debug|x86.ActiveCfg = Debug|Any CPU
		{9C0B57E8-4934-4BE3-A341-978581F3292E}.Debug|x86.Build.0 = Debug|Any CPU
		{9C0B57E8-4934-4BE3-A341-978581F3292E}.Release|Any CPU.ActiveCfg = Release|Any CPU
		{9C0B57E8-4934-4BE3-A341-978581F3292E}.Release|Any CPU.Build.0 = Release|Any CPU
		{9C0B57E8-4934-4BE3-A341-978581F3292E}.Release|x86.ActiveCfg = Release|Any CPU
		{9C0B57E8-4934-4BE3-A341-978581F3292E}.Release|x86.Build.0 = Release|Any CPU
		{67DEF7F1-950A-45B7-8004-2E27BD5387C8}.Debug|Any CPU.ActiveCfg = Debug|Any CPU
		{67DEF7F1-950A-45B7-8004-2E27BD5387C8}.Debug|Any CPU.Build.0 = Debug|Any CPU
		{67DEF7F1-950A-45B7-8004-2E27BD5387C8}.Debug|x86.ActiveCfg = Debug|Any CPU
		{67DEF7F1-950A-45B7-8004-2E27BD5387C8}.Debug|x86.Build.0 = Debug|Any CPU
		{67DEF7F1-950A-45B7-8004-2E27BD5387C8}.Release|Any CPU.ActiveCfg = Release|Any CPU
		{67DEF7F1-950A-45B7-8004-2E27BD5387C8}.Release|Any CPU.Build.0 = Release|Any CPU
		{67DEF7F1-950A-45B7-8004-2E27BD5387C8}.Release|x86.ActiveCfg = Release|Any CPU
		{67DEF7F1-950A-45B7-8004-2E27BD5387C8}.Release|x86.Build.0 = Release|Any CPU
		{54A6703D-625A-4779-8306-1192A1D40CBF}.Debug|Any CPU.ActiveCfg = Debug|Any CPU
		{54A6703D-625A-4779-8306-1192A1D40CBF}.Debug|Any CPU.Build.0 = Debug|Any CPU
		{54A6703D-625A-4779-8306-1192A1D40CBF}.Debug|x86.ActiveCfg = Debug|Any CPU
		{54A6703D-625A-4779-8306-1192A1D40CBF}.Debug|x86.Build.0 = Debug|Any CPU
		{54A6703D-625A-4779-8306-1192A1D40CBF}.Release|Any CPU.ActiveCfg = Release|Any CPU
		{54A6703D-625A-4779-8306-1192A1D40CBF}.Release|Any CPU.Build.0 = Release|Any CPU
		{54A6703D-625A-4779-8306-1192A1D40CBF}.Release|x86.ActiveCfg = Release|Any CPU
		{54A6703D-625A-4779-8306-1192A1D40CBF}.Release|x86.Build.0 = Release|Any CPU
		{AE6EA42B-A3C6-4D5C-A1FF-AC1B7B054D46}.Debug|Any CPU.ActiveCfg = Debug|Any CPU
		{AE6EA42B-A3C6-4D5C-A1FF-AC1B7B054D46}.Debug|Any CPU.Build.0 = Debug|Any CPU
		{AE6EA42B-A3C6-4D5C-A1FF-AC1B7B054D46}.Debug|x86.ActiveCfg = Debug|Any CPU
		{AE6EA42B-A3C6-4D5C-A1FF-AC1B7B054D46}.Debug|x86.Build.0 = Debug|Any CPU
		{AE6EA42B-A3C6-4D5C-A1FF-AC1B7B054D46}.Release|Any CPU.ActiveCfg = Release|Any CPU
		{AE6EA42B-A3C6-4D5C-A1FF-AC1B7B054D46}.Release|Any CPU.Build.0 = Release|Any CPU
		{AE6EA42B-A3C6-4D5C-A1FF-AC1B7B054D46}.Release|x86.ActiveCfg = Release|Any CPU
		{AE6EA42B-A3C6-4D5C-A1FF-AC1B7B054D46}.Release|x86.Build.0 = Release|Any CPU
		{9BEC9987-6789-4139-BF90-FB439FE418A9}.Debug|Any CPU.ActiveCfg = Debug|Any CPU
		{9BEC9987-6789-4139-BF90-FB439FE418A9}.Debug|Any CPU.Build.0 = Debug|Any CPU
		{9BEC9987-6789-4139-BF90-FB439FE418A9}.Debug|x86.ActiveCfg = Debug|Any CPU
		{9BEC9987-6789-4139-BF90-FB439FE418A9}.Debug|x86.Build.0 = Debug|Any CPU
		{9BEC9987-6789-4139-BF90-FB439FE418A9}.Release|Any CPU.ActiveCfg = Release|Any CPU
		{9BEC9987-6789-4139-BF90-FB439FE418A9}.Release|Any CPU.Build.0 = Release|Any CPU
		{9BEC9987-6789-4139-BF90-FB439FE418A9}.Release|x86.ActiveCfg = Release|Any CPU
		{9BEC9987-6789-4139-BF90-FB439FE418A9}.Release|x86.Build.0 = Release|Any CPU
		{852F14C5-FBC5-4657-BD62-CB51FB478636}.Debug|Any CPU.ActiveCfg = Debug|Any CPU
		{852F14C5-FBC5-4657-BD62-CB51FB478636}.Debug|Any CPU.Build.0 = Debug|Any CPU
		{852F14C5-FBC5-4657-BD62-CB51FB478636}.Debug|x86.ActiveCfg = Debug|Any CPU
		{852F14C5-FBC5-4657-BD62-CB51FB478636}.Debug|x86.Build.0 = Debug|Any CPU
		{852F14C5-FBC5-4657-BD62-CB51FB478636}.Release|Any CPU.ActiveCfg = Release|Any CPU
		{852F14C5-FBC5-4657-BD62-CB51FB478636}.Release|Any CPU.Build.0 = Release|Any CPU
		{852F14C5-FBC5-4657-BD62-CB51FB478636}.Release|x86.ActiveCfg = Release|Any CPU
		{852F14C5-FBC5-4657-BD62-CB51FB478636}.Release|x86.Build.0 = Release|Any CPU
		{3C1A3295-3012-465A-839E-F7131233F23B}.Debug|Any CPU.ActiveCfg = Debug|Any CPU
		{3C1A3295-3012-465A-839E-F7131233F23B}.Debug|Any CPU.Build.0 = Debug|Any CPU
		{3C1A3295-3012-465A-839E-F7131233F23B}.Debug|x86.ActiveCfg = Debug|Any CPU
		{3C1A3295-3012-465A-839E-F7131233F23B}.Debug|x86.Build.0 = Debug|Any CPU
		{3C1A3295-3012-465A-839E-F7131233F23B}.Release|Any CPU.ActiveCfg = Release|Any CPU
		{3C1A3295-3012-465A-839E-F7131233F23B}.Release|Any CPU.Build.0 = Release|Any CPU
		{3C1A3295-3012-465A-839E-F7131233F23B}.Release|x86.ActiveCfg = Release|Any CPU
		{3C1A3295-3012-465A-839E-F7131233F23B}.Release|x86.Build.0 = Release|Any CPU
		{A0658AAC-F617-44C9-8B1C-E06655F573E0}.Debug|Any CPU.ActiveCfg = Debug|Any CPU
		{A0658AAC-F617-44C9-8B1C-E06655F573E0}.Debug|Any CPU.Build.0 = Debug|Any CPU
		{A0658AAC-F617-44C9-8B1C-E06655F573E0}.Debug|x86.ActiveCfg = Debug|Any CPU
		{A0658AAC-F617-44C9-8B1C-E06655F573E0}.Debug|x86.Build.0 = Debug|Any CPU
		{A0658AAC-F617-44C9-8B1C-E06655F573E0}.Release|Any CPU.ActiveCfg = Release|Any CPU
		{A0658AAC-F617-44C9-8B1C-E06655F573E0}.Release|Any CPU.Build.0 = Release|Any CPU
		{A0658AAC-F617-44C9-8B1C-E06655F573E0}.Release|x86.ActiveCfg = Release|Any CPU
		{A0658AAC-F617-44C9-8B1C-E06655F573E0}.Release|x86.Build.0 = Release|Any CPU
		{A4B9EB74-4451-4034-908D-8EB27B3B476C}.Debug|Any CPU.ActiveCfg = Debug|Any CPU
		{A4B9EB74-4451-4034-908D-8EB27B3B476C}.Debug|Any CPU.Build.0 = Debug|Any CPU
		{A4B9EB74-4451-4034-908D-8EB27B3B476C}.Debug|x86.ActiveCfg = Debug|Any CPU
		{A4B9EB74-4451-4034-908D-8EB27B3B476C}.Debug|x86.Build.0 = Debug|Any CPU
		{A4B9EB74-4451-4034-908D-8EB27B3B476C}.Release|Any CPU.ActiveCfg = Release|Any CPU
		{A4B9EB74-4451-4034-908D-8EB27B3B476C}.Release|Any CPU.Build.0 = Release|Any CPU
		{A4B9EB74-4451-4034-908D-8EB27B3B476C}.Release|x86.ActiveCfg = Release|Any CPU
		{A4B9EB74-4451-4034-908D-8EB27B3B476C}.Release|x86.Build.0 = Release|Any CPU
		{CF46C8E3-4269-4639-8EDE-C66488786A32}.Debug|Any CPU.ActiveCfg = Debug|Any CPU
		{CF46C8E3-4269-4639-8EDE-C66488786A32}.Debug|Any CPU.Build.0 = Debug|Any CPU
		{CF46C8E3-4269-4639-8EDE-C66488786A32}.Debug|x86.ActiveCfg = Debug|Any CPU
		{CF46C8E3-4269-4639-8EDE-C66488786A32}.Debug|x86.Build.0 = Debug|Any CPU
		{CF46C8E3-4269-4639-8EDE-C66488786A32}.Release|Any CPU.ActiveCfg = Release|Any CPU
		{CF46C8E3-4269-4639-8EDE-C66488786A32}.Release|Any CPU.Build.0 = Release|Any CPU
		{CF46C8E3-4269-4639-8EDE-C66488786A32}.Release|x86.ActiveCfg = Release|Any CPU
		{CF46C8E3-4269-4639-8EDE-C66488786A32}.Release|x86.Build.0 = Release|Any CPU
		{FCE8C2F0-4CB0-4B63-AE3B-FC43CC85BF9B}.Debug|Any CPU.ActiveCfg = Debug|Any CPU
		{FCE8C2F0-4CB0-4B63-AE3B-FC43CC85BF9B}.Debug|Any CPU.Build.0 = Debug|Any CPU
		{FCE8C2F0-4CB0-4B63-AE3B-FC43CC85BF9B}.Debug|x86.ActiveCfg = Debug|Any CPU
		{FCE8C2F0-4CB0-4B63-AE3B-FC43CC85BF9B}.Debug|x86.Build.0 = Debug|Any CPU
		{FCE8C2F0-4CB0-4B63-AE3B-FC43CC85BF9B}.Release|Any CPU.ActiveCfg = Release|Any CPU
		{FCE8C2F0-4CB0-4B63-AE3B-FC43CC85BF9B}.Release|Any CPU.Build.0 = Release|Any CPU
		{FCE8C2F0-4CB0-4B63-AE3B-FC43CC85BF9B}.Release|x86.ActiveCfg = Release|Any CPU
		{FCE8C2F0-4CB0-4B63-AE3B-FC43CC85BF9B}.Release|x86.Build.0 = Release|Any CPU
		{D2A6CAC4-2CDF-4BCA-A88D-EBE41474798E}.Debug|Any CPU.ActiveCfg = Debug|Any CPU
		{D2A6CAC4-2CDF-4BCA-A88D-EBE41474798E}.Debug|Any CPU.Build.0 = Debug|Any CPU
		{D2A6CAC4-2CDF-4BCA-A88D-EBE41474798E}.Debug|x86.ActiveCfg = Debug|Any CPU
		{D2A6CAC4-2CDF-4BCA-A88D-EBE41474798E}.Debug|x86.Build.0 = Debug|Any CPU
		{D2A6CAC4-2CDF-4BCA-A88D-EBE41474798E}.Release|Any CPU.ActiveCfg = Release|Any CPU
		{D2A6CAC4-2CDF-4BCA-A88D-EBE41474798E}.Release|Any CPU.Build.0 = Release|Any CPU
		{D2A6CAC4-2CDF-4BCA-A88D-EBE41474798E}.Release|x86.ActiveCfg = Release|Any CPU
		{D2A6CAC4-2CDF-4BCA-A88D-EBE41474798E}.Release|x86.Build.0 = Release|Any CPU
		{AE842B1D-7C39-4580-9026-025DB417AF6B}.Debug|Any CPU.ActiveCfg = Debug|Any CPU
		{AE842B1D-7C39-4580-9026-025DB417AF6B}.Debug|Any CPU.Build.0 = Debug|Any CPU
		{AE842B1D-7C39-4580-9026-025DB417AF6B}.Debug|x86.ActiveCfg = Debug|Any CPU
		{AE842B1D-7C39-4580-9026-025DB417AF6B}.Debug|x86.Build.0 = Debug|Any CPU
		{AE842B1D-7C39-4580-9026-025DB417AF6B}.Release|Any CPU.ActiveCfg = Release|Any CPU
		{AE842B1D-7C39-4580-9026-025DB417AF6B}.Release|Any CPU.Build.0 = Release|Any CPU
		{AE842B1D-7C39-4580-9026-025DB417AF6B}.Release|x86.ActiveCfg = Release|Any CPU
		{AE842B1D-7C39-4580-9026-025DB417AF6B}.Release|x86.Build.0 = Release|Any CPU
		{E8564789-EAB9-40C6-8D96-40E7612A00E7}.Debug|Any CPU.ActiveCfg = Debug|Any CPU
		{E8564789-EAB9-40C6-8D96-40E7612A00E7}.Debug|Any CPU.Build.0 = Debug|Any CPU
		{E8564789-EAB9-40C6-8D96-40E7612A00E7}.Debug|x86.ActiveCfg = Debug|Any CPU
		{E8564789-EAB9-40C6-8D96-40E7612A00E7}.Debug|x86.Build.0 = Debug|Any CPU
		{E8564789-EAB9-40C6-8D96-40E7612A00E7}.Release|Any CPU.ActiveCfg = Release|Any CPU
		{E8564789-EAB9-40C6-8D96-40E7612A00E7}.Release|Any CPU.Build.0 = Release|Any CPU
		{E8564789-EAB9-40C6-8D96-40E7612A00E7}.Release|x86.ActiveCfg = Release|Any CPU
		{E8564789-EAB9-40C6-8D96-40E7612A00E7}.Release|x86.Build.0 = Release|Any CPU
		{4FC4990D-C236-4C6A-937B-78DC5D95175B}.Debug|Any CPU.ActiveCfg = Debug|Any CPU
		{4FC4990D-C236-4C6A-937B-78DC5D95175B}.Debug|Any CPU.Build.0 = Debug|Any CPU
		{4FC4990D-C236-4C6A-937B-78DC5D95175B}.Debug|x86.ActiveCfg = Debug|Any CPU
		{4FC4990D-C236-4C6A-937B-78DC5D95175B}.Debug|x86.Build.0 = Debug|Any CPU
		{4FC4990D-C236-4C6A-937B-78DC5D95175B}.Release|Any CPU.ActiveCfg = Release|Any CPU
		{4FC4990D-C236-4C6A-937B-78DC5D95175B}.Release|Any CPU.Build.0 = Release|Any CPU
		{4FC4990D-C236-4C6A-937B-78DC5D95175B}.Release|x86.ActiveCfg = Release|Any CPU
		{4FC4990D-C236-4C6A-937B-78DC5D95175B}.Release|x86.Build.0 = Release|Any CPU
		{B86FED9F-5D81-451F-8BB7-C6FA994416C3}.Debug|Any CPU.ActiveCfg = Debug|Any CPU
		{B86FED9F-5D81-451F-8BB7-C6FA994416C3}.Debug|Any CPU.Build.0 = Debug|Any CPU
		{B86FED9F-5D81-451F-8BB7-C6FA994416C3}.Debug|x86.ActiveCfg = Debug|Any CPU
		{B86FED9F-5D81-451F-8BB7-C6FA994416C3}.Debug|x86.Build.0 = Debug|Any CPU
		{B86FED9F-5D81-451F-8BB7-C6FA994416C3}.Release|Any CPU.ActiveCfg = Release|Any CPU
		{B86FED9F-5D81-451F-8BB7-C6FA994416C3}.Release|Any CPU.Build.0 = Release|Any CPU
		{B86FED9F-5D81-451F-8BB7-C6FA994416C3}.Release|x86.ActiveCfg = Release|Any CPU
		{B86FED9F-5D81-451F-8BB7-C6FA994416C3}.Release|x86.Build.0 = Release|Any CPU
		{1BCF2FF1-6E07-4CD4-BA60-6ED294A50B39}.Debug|Any CPU.ActiveCfg = Debug|Any CPU
		{1BCF2FF1-6E07-4CD4-BA60-6ED294A50B39}.Debug|Any CPU.Build.0 = Debug|Any CPU
		{1BCF2FF1-6E07-4CD4-BA60-6ED294A50B39}.Debug|x86.ActiveCfg = Debug|Any CPU
		{1BCF2FF1-6E07-4CD4-BA60-6ED294A50B39}.Debug|x86.Build.0 = Debug|Any CPU
		{1BCF2FF1-6E07-4CD4-BA60-6ED294A50B39}.Release|Any CPU.ActiveCfg = Release|Any CPU
		{1BCF2FF1-6E07-4CD4-BA60-6ED294A50B39}.Release|Any CPU.Build.0 = Release|Any CPU
		{1BCF2FF1-6E07-4CD4-BA60-6ED294A50B39}.Release|x86.ActiveCfg = Release|Any CPU
		{1BCF2FF1-6E07-4CD4-BA60-6ED294A50B39}.Release|x86.Build.0 = Release|Any CPU
		{ECDD88E3-D7D1-47F2-AA41-8A0B69DB5E0B}.Debug|Any CPU.ActiveCfg = Debug|Any CPU
		{ECDD88E3-D7D1-47F2-AA41-8A0B69DB5E0B}.Debug|Any CPU.Build.0 = Debug|Any CPU
		{ECDD88E3-D7D1-47F2-AA41-8A0B69DB5E0B}.Debug|x86.ActiveCfg = Debug|Any CPU
		{ECDD88E3-D7D1-47F2-AA41-8A0B69DB5E0B}.Debug|x86.Build.0 = Debug|Any CPU
		{ECDD88E3-D7D1-47F2-AA41-8A0B69DB5E0B}.Release|Any CPU.ActiveCfg = Release|Any CPU
		{ECDD88E3-D7D1-47F2-AA41-8A0B69DB5E0B}.Release|Any CPU.Build.0 = Release|Any CPU
		{ECDD88E3-D7D1-47F2-AA41-8A0B69DB5E0B}.Release|x86.ActiveCfg = Release|Any CPU
		{ECDD88E3-D7D1-47F2-AA41-8A0B69DB5E0B}.Release|x86.Build.0 = Release|Any CPU
		{3127F425-7C64-4499-864A-9429DB84A32B}.Debug|Any CPU.ActiveCfg = Debug|Any CPU
		{3127F425-7C64-4499-864A-9429DB84A32B}.Debug|Any CPU.Build.0 = Debug|Any CPU
		{3127F425-7C64-4499-864A-9429DB84A32B}.Debug|x86.ActiveCfg = Debug|Any CPU
		{3127F425-7C64-4499-864A-9429DB84A32B}.Debug|x86.Build.0 = Debug|Any CPU
		{3127F425-7C64-4499-864A-9429DB84A32B}.Release|Any CPU.ActiveCfg = Release|Any CPU
		{3127F425-7C64-4499-864A-9429DB84A32B}.Release|Any CPU.Build.0 = Release|Any CPU
		{3127F425-7C64-4499-864A-9429DB84A32B}.Release|x86.ActiveCfg = Release|Any CPU
		{3127F425-7C64-4499-864A-9429DB84A32B}.Release|x86.Build.0 = Release|Any CPU
		{F0B0E89D-82C9-482C-924B-0B67C9E79AE8}.Debug|Any CPU.ActiveCfg = Debug|Any CPU
		{F0B0E89D-82C9-482C-924B-0B67C9E79AE8}.Debug|Any CPU.Build.0 = Debug|Any CPU
		{F0B0E89D-82C9-482C-924B-0B67C9E79AE8}.Debug|x86.ActiveCfg = Debug|Any CPU
		{F0B0E89D-82C9-482C-924B-0B67C9E79AE8}.Debug|x86.Build.0 = Debug|Any CPU
		{F0B0E89D-82C9-482C-924B-0B67C9E79AE8}.Release|Any CPU.ActiveCfg = Release|Any CPU
		{F0B0E89D-82C9-482C-924B-0B67C9E79AE8}.Release|Any CPU.Build.0 = Release|Any CPU
		{F0B0E89D-82C9-482C-924B-0B67C9E79AE8}.Release|x86.ActiveCfg = Release|Any CPU
		{F0B0E89D-82C9-482C-924B-0B67C9E79AE8}.Release|x86.Build.0 = Release|Any CPU
		{A9056696-CA4E-441A-908B-6D6197315D42}.Debug|Any CPU.ActiveCfg = Debug|Any CPU
		{A9056696-CA4E-441A-908B-6D6197315D42}.Debug|Any CPU.Build.0 = Debug|Any CPU
		{A9056696-CA4E-441A-908B-6D6197315D42}.Debug|x86.ActiveCfg = Debug|Any CPU
		{A9056696-CA4E-441A-908B-6D6197315D42}.Debug|x86.Build.0 = Debug|Any CPU
		{A9056696-CA4E-441A-908B-6D6197315D42}.Release|Any CPU.ActiveCfg = Release|Any CPU
		{A9056696-CA4E-441A-908B-6D6197315D42}.Release|Any CPU.Build.0 = Release|Any CPU
		{A9056696-CA4E-441A-908B-6D6197315D42}.Release|x86.ActiveCfg = Release|Any CPU
		{A9056696-CA4E-441A-908B-6D6197315D42}.Release|x86.Build.0 = Release|Any CPU
		{F3477C03-6270-429E-9C31-9F245D6C7EE6}.Debug|Any CPU.ActiveCfg = Debug|Any CPU
		{F3477C03-6270-429E-9C31-9F245D6C7EE6}.Debug|Any CPU.Build.0 = Debug|Any CPU
		{F3477C03-6270-429E-9C31-9F245D6C7EE6}.Debug|x86.ActiveCfg = Debug|Any CPU
		{F3477C03-6270-429E-9C31-9F245D6C7EE6}.Debug|x86.Build.0 = Debug|Any CPU
		{F3477C03-6270-429E-9C31-9F245D6C7EE6}.Release|Any CPU.ActiveCfg = Release|Any CPU
		{F3477C03-6270-429E-9C31-9F245D6C7EE6}.Release|Any CPU.Build.0 = Release|Any CPU
		{F3477C03-6270-429E-9C31-9F245D6C7EE6}.Release|x86.ActiveCfg = Release|Any CPU
		{F3477C03-6270-429E-9C31-9F245D6C7EE6}.Release|x86.Build.0 = Release|Any CPU
		{743FA293-9B73-4B8A-BAE7-F4AC24BED892}.Debug|Any CPU.ActiveCfg = Debug|Any CPU
		{743FA293-9B73-4B8A-BAE7-F4AC24BED892}.Debug|Any CPU.Build.0 = Debug|Any CPU
		{743FA293-9B73-4B8A-BAE7-F4AC24BED892}.Debug|x86.ActiveCfg = Debug|Any CPU
		{743FA293-9B73-4B8A-BAE7-F4AC24BED892}.Debug|x86.Build.0 = Debug|Any CPU
		{743FA293-9B73-4B8A-BAE7-F4AC24BED892}.Release|Any CPU.ActiveCfg = Release|Any CPU
		{743FA293-9B73-4B8A-BAE7-F4AC24BED892}.Release|Any CPU.Build.0 = Release|Any CPU
		{743FA293-9B73-4B8A-BAE7-F4AC24BED892}.Release|x86.ActiveCfg = Release|Any CPU
		{743FA293-9B73-4B8A-BAE7-F4AC24BED892}.Release|x86.Build.0 = Release|Any CPU
		{DAD40FC5-B445-40CD-A979-0FAC47696A80}.Debug|Any CPU.ActiveCfg = Debug|Any CPU
		{DAD40FC5-B445-40CD-A979-0FAC47696A80}.Debug|Any CPU.Build.0 = Debug|Any CPU
		{DAD40FC5-B445-40CD-A979-0FAC47696A80}.Debug|x86.ActiveCfg = Debug|Any CPU
		{DAD40FC5-B445-40CD-A979-0FAC47696A80}.Debug|x86.Build.0 = Debug|Any CPU
		{DAD40FC5-B445-40CD-A979-0FAC47696A80}.Release|Any CPU.ActiveCfg = Release|Any CPU
		{DAD40FC5-B445-40CD-A979-0FAC47696A80}.Release|Any CPU.Build.0 = Release|Any CPU
		{DAD40FC5-B445-40CD-A979-0FAC47696A80}.Release|x86.ActiveCfg = Release|Any CPU
		{DAD40FC5-B445-40CD-A979-0FAC47696A80}.Release|x86.Build.0 = Release|Any CPU
		{8776E19D-BFB6-42B8-B698-68964D0C6BA0}.Debug|Any CPU.ActiveCfg = Debug|Any CPU
		{8776E19D-BFB6-42B8-B698-68964D0C6BA0}.Debug|Any CPU.Build.0 = Debug|Any CPU
		{8776E19D-BFB6-42B8-B698-68964D0C6BA0}.Debug|x86.ActiveCfg = Debug|Any CPU
		{8776E19D-BFB6-42B8-B698-68964D0C6BA0}.Debug|x86.Build.0 = Debug|Any CPU
		{8776E19D-BFB6-42B8-B698-68964D0C6BA0}.Release|Any CPU.ActiveCfg = Release|Any CPU
		{8776E19D-BFB6-42B8-B698-68964D0C6BA0}.Release|Any CPU.Build.0 = Release|Any CPU
		{8776E19D-BFB6-42B8-B698-68964D0C6BA0}.Release|x86.ActiveCfg = Release|Any CPU
		{8776E19D-BFB6-42B8-B698-68964D0C6BA0}.Release|x86.Build.0 = Release|Any CPU
		{D1871E60-1560-4E01-A892-4EEE9CCA3563}.Debug|Any CPU.ActiveCfg = Debug|Any CPU
		{D1871E60-1560-4E01-A892-4EEE9CCA3563}.Debug|Any CPU.Build.0 = Debug|Any CPU
		{D1871E60-1560-4E01-A892-4EEE9CCA3563}.Debug|x86.ActiveCfg = Debug|Any CPU
		{D1871E60-1560-4E01-A892-4EEE9CCA3563}.Debug|x86.Build.0 = Debug|Any CPU
		{D1871E60-1560-4E01-A892-4EEE9CCA3563}.Release|Any CPU.ActiveCfg = Release|Any CPU
		{D1871E60-1560-4E01-A892-4EEE9CCA3563}.Release|Any CPU.Build.0 = Release|Any CPU
		{D1871E60-1560-4E01-A892-4EEE9CCA3563}.Release|x86.ActiveCfg = Release|Any CPU
		{D1871E60-1560-4E01-A892-4EEE9CCA3563}.Release|x86.Build.0 = Release|Any CPU
		{51165C91-744B-4D7B-B965-921D8371CCC0}.Debug|Any CPU.ActiveCfg = Debug|Any CPU
		{51165C91-744B-4D7B-B965-921D8371CCC0}.Debug|Any CPU.Build.0 = Debug|Any CPU
		{51165C91-744B-4D7B-B965-921D8371CCC0}.Debug|x86.ActiveCfg = Debug|Any CPU
		{51165C91-744B-4D7B-B965-921D8371CCC0}.Debug|x86.Build.0 = Debug|Any CPU
		{51165C91-744B-4D7B-B965-921D8371CCC0}.Release|Any CPU.ActiveCfg = Release|Any CPU
		{51165C91-744B-4D7B-B965-921D8371CCC0}.Release|Any CPU.Build.0 = Release|Any CPU
		{51165C91-744B-4D7B-B965-921D8371CCC0}.Release|x86.ActiveCfg = Release|Any CPU
		{51165C91-744B-4D7B-B965-921D8371CCC0}.Release|x86.Build.0 = Release|Any CPU
		{B45A183E-BF9F-404C-917D-8943EF052315}.Debug|Any CPU.ActiveCfg = Debug|Any CPU
		{B45A183E-BF9F-404C-917D-8943EF052315}.Debug|Any CPU.Build.0 = Debug|Any CPU
		{B45A183E-BF9F-404C-917D-8943EF052315}.Debug|x86.ActiveCfg = Debug|Any CPU
		{B45A183E-BF9F-404C-917D-8943EF052315}.Debug|x86.Build.0 = Debug|Any CPU
		{B45A183E-BF9F-404C-917D-8943EF052315}.Release|Any CPU.ActiveCfg = Release|Any CPU
		{B45A183E-BF9F-404C-917D-8943EF052315}.Release|Any CPU.Build.0 = Release|Any CPU
		{B45A183E-BF9F-404C-917D-8943EF052315}.Release|x86.ActiveCfg = Release|Any CPU
		{B45A183E-BF9F-404C-917D-8943EF052315}.Release|x86.Build.0 = Release|Any CPU
		{79919D12-18E1-406B-8DF3-98A1209C4091}.Debug|Any CPU.ActiveCfg = Debug|Any CPU
		{79919D12-18E1-406B-8DF3-98A1209C4091}.Debug|Any CPU.Build.0 = Debug|Any CPU
		{79919D12-18E1-406B-8DF3-98A1209C4091}.Debug|x86.ActiveCfg = Debug|Any CPU
		{79919D12-18E1-406B-8DF3-98A1209C4091}.Debug|x86.Build.0 = Debug|Any CPU
		{79919D12-18E1-406B-8DF3-98A1209C4091}.Release|Any CPU.ActiveCfg = Release|Any CPU
		{79919D12-18E1-406B-8DF3-98A1209C4091}.Release|Any CPU.Build.0 = Release|Any CPU
		{79919D12-18E1-406B-8DF3-98A1209C4091}.Release|x86.ActiveCfg = Release|Any CPU
		{79919D12-18E1-406B-8DF3-98A1209C4091}.Release|x86.Build.0 = Release|Any CPU
		{47CACCA7-7125-4F4B-9575-94C06C2556CB}.Debug|Any CPU.ActiveCfg = Debug|Any CPU
		{47CACCA7-7125-4F4B-9575-94C06C2556CB}.Debug|Any CPU.Build.0 = Debug|Any CPU
		{47CACCA7-7125-4F4B-9575-94C06C2556CB}.Debug|x86.ActiveCfg = Debug|Any CPU
		{47CACCA7-7125-4F4B-9575-94C06C2556CB}.Debug|x86.Build.0 = Debug|Any CPU
		{47CACCA7-7125-4F4B-9575-94C06C2556CB}.Release|Any CPU.ActiveCfg = Release|Any CPU
		{47CACCA7-7125-4F4B-9575-94C06C2556CB}.Release|Any CPU.Build.0 = Release|Any CPU
		{47CACCA7-7125-4F4B-9575-94C06C2556CB}.Release|x86.ActiveCfg = Release|Any CPU
		{47CACCA7-7125-4F4B-9575-94C06C2556CB}.Release|x86.Build.0 = Release|Any CPU
		{DB1F997A-1E6C-40AA-A4B4-ADEEC37FD7FA}.Debug|Any CPU.ActiveCfg = Debug|Any CPU
		{DB1F997A-1E6C-40AA-A4B4-ADEEC37FD7FA}.Debug|Any CPU.Build.0 = Debug|Any CPU
		{DB1F997A-1E6C-40AA-A4B4-ADEEC37FD7FA}.Debug|x86.ActiveCfg = Debug|Any CPU
		{DB1F997A-1E6C-40AA-A4B4-ADEEC37FD7FA}.Debug|x86.Build.0 = Debug|Any CPU
		{DB1F997A-1E6C-40AA-A4B4-ADEEC37FD7FA}.Release|Any CPU.ActiveCfg = Release|Any CPU
		{DB1F997A-1E6C-40AA-A4B4-ADEEC37FD7FA}.Release|Any CPU.Build.0 = Release|Any CPU
		{DB1F997A-1E6C-40AA-A4B4-ADEEC37FD7FA}.Release|x86.ActiveCfg = Release|Any CPU
		{DB1F997A-1E6C-40AA-A4B4-ADEEC37FD7FA}.Release|x86.Build.0 = Release|Any CPU
		{60E52F2C-10DA-4D67-9F5D-41E43E8FA9DF}.Debug|Any CPU.ActiveCfg = Debug|Any CPU
		{60E52F2C-10DA-4D67-9F5D-41E43E8FA9DF}.Debug|Any CPU.Build.0 = Debug|Any CPU
		{60E52F2C-10DA-4D67-9F5D-41E43E8FA9DF}.Debug|x86.ActiveCfg = Debug|Any CPU
		{60E52F2C-10DA-4D67-9F5D-41E43E8FA9DF}.Debug|x86.Build.0 = Debug|Any CPU
		{60E52F2C-10DA-4D67-9F5D-41E43E8FA9DF}.Release|Any CPU.ActiveCfg = Release|Any CPU
		{60E52F2C-10DA-4D67-9F5D-41E43E8FA9DF}.Release|Any CPU.Build.0 = Release|Any CPU
		{60E52F2C-10DA-4D67-9F5D-41E43E8FA9DF}.Release|x86.ActiveCfg = Release|Any CPU
		{60E52F2C-10DA-4D67-9F5D-41E43E8FA9DF}.Release|x86.Build.0 = Release|Any CPU
		{5D6B10F3-7817-41E2-BF51-8A5BF0DF3C61}.Debug|Any CPU.ActiveCfg = Debug|Any CPU
		{5D6B10F3-7817-41E2-BF51-8A5BF0DF3C61}.Debug|Any CPU.Build.0 = Debug|Any CPU
		{5D6B10F3-7817-41E2-BF51-8A5BF0DF3C61}.Debug|x86.ActiveCfg = Debug|Any CPU
		{5D6B10F3-7817-41E2-BF51-8A5BF0DF3C61}.Debug|x86.Build.0 = Debug|Any CPU
		{5D6B10F3-7817-41E2-BF51-8A5BF0DF3C61}.Release|Any CPU.ActiveCfg = Release|Any CPU
		{5D6B10F3-7817-41E2-BF51-8A5BF0DF3C61}.Release|Any CPU.Build.0 = Release|Any CPU
		{5D6B10F3-7817-41E2-BF51-8A5BF0DF3C61}.Release|x86.ActiveCfg = Release|Any CPU
		{5D6B10F3-7817-41E2-BF51-8A5BF0DF3C61}.Release|x86.Build.0 = Release|Any CPU
		{797A691D-E487-4611-BA8C-429E66ADFFC7}.Debug|Any CPU.ActiveCfg = Debug|Any CPU
		{797A691D-E487-4611-BA8C-429E66ADFFC7}.Debug|Any CPU.Build.0 = Debug|Any CPU
		{797A691D-E487-4611-BA8C-429E66ADFFC7}.Debug|x86.ActiveCfg = Debug|Any CPU
		{797A691D-E487-4611-BA8C-429E66ADFFC7}.Debug|x86.Build.0 = Debug|Any CPU
		{797A691D-E487-4611-BA8C-429E66ADFFC7}.Release|Any CPU.ActiveCfg = Release|Any CPU
		{797A691D-E487-4611-BA8C-429E66ADFFC7}.Release|Any CPU.Build.0 = Release|Any CPU
		{797A691D-E487-4611-BA8C-429E66ADFFC7}.Release|x86.ActiveCfg = Release|Any CPU
		{797A691D-E487-4611-BA8C-429E66ADFFC7}.Release|x86.Build.0 = Release|Any CPU
		{0C57DB3C-741A-4082-89C6-3F0FAA8804D2}.Debug|Any CPU.ActiveCfg = Debug|Any CPU
		{0C57DB3C-741A-4082-89C6-3F0FAA8804D2}.Debug|Any CPU.Build.0 = Debug|Any CPU
		{0C57DB3C-741A-4082-89C6-3F0FAA8804D2}.Debug|x86.ActiveCfg = Debug|Any CPU
		{0C57DB3C-741A-4082-89C6-3F0FAA8804D2}.Debug|x86.Build.0 = Debug|Any CPU
		{0C57DB3C-741A-4082-89C6-3F0FAA8804D2}.Release|Any CPU.ActiveCfg = Release|Any CPU
		{0C57DB3C-741A-4082-89C6-3F0FAA8804D2}.Release|Any CPU.Build.0 = Release|Any CPU
		{0C57DB3C-741A-4082-89C6-3F0FAA8804D2}.Release|x86.ActiveCfg = Release|Any CPU
		{0C57DB3C-741A-4082-89C6-3F0FAA8804D2}.Release|x86.Build.0 = Release|Any CPU
		{8F5E4C36-A954-4593-9EF4-D676A1DF97B2}.Debug|Any CPU.ActiveCfg = Debug|Any CPU
		{8F5E4C36-A954-4593-9EF4-D676A1DF97B2}.Debug|Any CPU.Build.0 = Debug|Any CPU
		{8F5E4C36-A954-4593-9EF4-D676A1DF97B2}.Debug|x86.ActiveCfg = Debug|Any CPU
		{8F5E4C36-A954-4593-9EF4-D676A1DF97B2}.Debug|x86.Build.0 = Debug|Any CPU
		{8F5E4C36-A954-4593-9EF4-D676A1DF97B2}.Release|Any CPU.ActiveCfg = Release|Any CPU
		{8F5E4C36-A954-4593-9EF4-D676A1DF97B2}.Release|Any CPU.Build.0 = Release|Any CPU
		{8F5E4C36-A954-4593-9EF4-D676A1DF97B2}.Release|x86.ActiveCfg = Release|Any CPU
		{8F5E4C36-A954-4593-9EF4-D676A1DF97B2}.Release|x86.Build.0 = Release|Any CPU
		{CBFC37C7-9DAE-4D40-BBEB-28B8EC4CB9C8}.Debug|Any CPU.ActiveCfg = Debug|Any CPU
		{CBFC37C7-9DAE-4D40-BBEB-28B8EC4CB9C8}.Debug|Any CPU.Build.0 = Debug|Any CPU
		{CBFC37C7-9DAE-4D40-BBEB-28B8EC4CB9C8}.Debug|x86.ActiveCfg = Debug|Any CPU
		{CBFC37C7-9DAE-4D40-BBEB-28B8EC4CB9C8}.Debug|x86.Build.0 = Debug|Any CPU
		{CBFC37C7-9DAE-4D40-BBEB-28B8EC4CB9C8}.Release|Any CPU.ActiveCfg = Release|Any CPU
		{CBFC37C7-9DAE-4D40-BBEB-28B8EC4CB9C8}.Release|Any CPU.Build.0 = Release|Any CPU
		{CBFC37C7-9DAE-4D40-BBEB-28B8EC4CB9C8}.Release|x86.ActiveCfg = Release|Any CPU
		{CBFC37C7-9DAE-4D40-BBEB-28B8EC4CB9C8}.Release|x86.Build.0 = Release|Any CPU
		{91ABD444-F857-4FDB-8381-64AB012DFB5D}.Debug|Any CPU.ActiveCfg = Debug|Any CPU
		{91ABD444-F857-4FDB-8381-64AB012DFB5D}.Debug|Any CPU.Build.0 = Debug|Any CPU
		{91ABD444-F857-4FDB-8381-64AB012DFB5D}.Debug|x86.ActiveCfg = Debug|Any CPU
		{91ABD444-F857-4FDB-8381-64AB012DFB5D}.Debug|x86.Build.0 = Debug|Any CPU
		{91ABD444-F857-4FDB-8381-64AB012DFB5D}.Release|Any CPU.ActiveCfg = Release|Any CPU
		{91ABD444-F857-4FDB-8381-64AB012DFB5D}.Release|Any CPU.Build.0 = Release|Any CPU
		{91ABD444-F857-4FDB-8381-64AB012DFB5D}.Release|x86.ActiveCfg = Release|Any CPU
		{91ABD444-F857-4FDB-8381-64AB012DFB5D}.Release|x86.Build.0 = Release|Any CPU
	EndGlobalSection
	GlobalSection(SolutionProperties) = preSolution
		HideSolutionNode = FALSE
	EndGlobalSection
	GlobalSection(ExtensibilityGlobals) = postSolution
		SolutionGuid = {1597F054-967D-4D37-B1CC-F8C6789E49CC}
	EndGlobalSection
EndGlobal
